
Microsoft Visual Studio Solution File, Format Version 12.00
# Visual Studio Version 17
VisualStudioVersion = 17.3.32901.215
MinimumVisualStudioVersion = 10.0.40219.1
Project("{FAE04EC0-301F-11D3-BF4B-00C04F79EFBC}") = "Mang", "Bai2\Mang.csproj", "{350D7927-B796-4478-8FDE-8FBA2503FFA4}"
EndProject
Project("{FAE04EC0-301F-11D3-BF4B-00C04F79EFBC}") = "Chuoi", "Chuoi\Chuoi.csproj", "{8972CBB2-E054-4B1D-96BA-37B0C1B5A784}"
EndProject
Global
	GlobalSection(SolutionConfigurationPlatforms) = preSolution
		Debug|Any CPU = Debug|Any CPU
		Release|Any CPU = Release|Any CPU
	EndGlobalSection
	GlobalSection(ProjectConfigurationPlatforms) = postSolution
		{350D7927-B796-4478-8FDE-8FBA2503FFA4}.Debug|Any CPU.ActiveCfg = Debug|Any CPU
		{350D7927-B796-4478-8FDE-8FBA2503FFA4}.Debug|Any CPU.Build.0 = Debug|Any CPU
		{350D7927-B796-4478-8FDE-8FBA2503FFA4}.Release|Any CPU.ActiveCfg = Release|Any CPU
		{350D7927-B796-4478-8FDE-8FBA2503FFA4}.Release|Any CPU.Build.0 = Release|Any CPU
		{8972CBB2-E054-4B1D-96BA-37B0C1B5A784}.Debug|Any CPU.ActiveCfg = Debug|Any CPU
		{8972CBB2-E054-4B1D-96BA-37B0C1B5A784}.Debug|Any CPU.Build.0 = Debug|Any CPU
		{8972CBB2-E054-4B1D-96BA-37B0C1B5A784}.Release|Any CPU.ActiveCfg = Release|Any CPU
		{8972CBB2-E054-4B1D-96BA-37B0C1B5A784}.Release|Any CPU.Build.0 = Release|Any CPU
	EndGlobalSection
	GlobalSection(SolutionProperties) = preSolution
		HideSolutionNode = FALSE
	EndGlobalSection
	GlobalSection(ExtensibilityGlobals) = postSolution
		SolutionGuid = {3DF6A83A-29D5-4D47-A194-4319B6F294FD}
	EndGlobalSection
EndGlobal
