
Microsoft Visual Studio Solution File, Format Version 12.00
# Visual Studio Version 17
VisualStudioVersion = 17.3.32901.215
MinimumVisualStudioVersion = 10.0.40219.1
Project("{FAE04EC0-301F-11D3-BF4B-00C04F79EFBC}") = "BT_TongHop", "BT_TongHop\BT_TongHop.csproj", "{721F2324-6504-429F-877E-B2AA0117C846}"
EndProject
Global
	GlobalSection(SolutionConfigurationPlatforms) = preSolution
		Debug|Any CPU = Debug|Any CPU
		Release|Any CPU = Release|Any CPU
	EndGlobalSection
	GlobalSection(ProjectConfigurationPlatforms) = postSolution
		{721F2324-6504-429F-877E-B2AA0117C846}.Debug|Any CPU.ActiveCfg = Debug|Any CPU
		{721F2324-6504-429F-877E-B2AA0117C846}.Debug|Any CPU.Build.0 = Debug|Any CPU
		{721F2324-6504-429F-877E-B2AA0117C846}.Release|Any CPU.ActiveCfg = Release|Any CPU
		{721F2324-6504-429F-877E-B2AA0117C846}.Release|Any CPU.Build.0 = Release|Any CPU
	EndGlobalSection
	GlobalSection(SolutionProperties) = preSolution
		HideSolutionNode = FALSE
	EndGlobalSection
	GlobalSection(ExtensibilityGlobals) = postSolution
		SolutionGuid = {48619E5D-0BD8-4EA5-AB75-9DCF14729A10}
	EndGlobalSection
EndGlobal
