
Microsoft Visual Studio Solution File, Format Version 12.00
# Visual Studio Version 17
VisualStudioVersion = 17.3.32901.215
MinimumVisualStudioVersion = 10.0.40219.1
Project("{FAE04EC0-301F-11D3-BF4B-00C04F79EFBC}") = "Bai9-1", "Bai9-1\Bai9-1.csproj", "{D1A6023C-D03F-4CE6-8C8F-186F9052CF80}"
EndProject
Global
	GlobalSection(SolutionConfigurationPlatforms) = preSolution
		Debug|Any CPU = Debug|Any CPU
		Release|Any CPU = Release|Any CPU
	EndGlobalSection
	GlobalSection(ProjectConfigurationPlatforms) = postSolution
		{D1A6023C-D03F-4CE6-8C8F-186F9052CF80}.Debug|Any CPU.ActiveCfg = Debug|Any CPU
		{D1A6023C-D03F-4CE6-8C8F-186F9052CF80}.Debug|Any CPU.Build.0 = Debug|Any CPU
		{D1A6023C-D03F-4CE6-8C8F-186F9052CF80}.Release|Any CPU.ActiveCfg = Release|Any CPU
		{D1A6023C-D03F-4CE6-8C8F-186F9052CF80}.Release|Any CPU.Build.0 = Release|Any CPU
	EndGlobalSection
	GlobalSection(SolutionProperties) = preSolution
		HideSolutionNode = FALSE
	EndGlobalSection
	GlobalSection(ExtensibilityGlobals) = postSolution
		SolutionGuid = {2D9A97CD-8C8F-40E1-82FF-F5D5E2E813E9}
	EndGlobalSection
EndGlobal
