
Microsoft Visual Studio Solution File, Format Version 12.00
# Visual Studio Version 17
VisualStudioVersion = 17.3.32901.215
MinimumVisualStudioVersion = 10.0.40219.1
Project("{FAE04EC0-301F-11D3-BF4B-00C04F79EFBC}") = "Baitap1", "Baitap1.csproj", "{E985958A-55C2-4DED-9108-7A2BFB9D3508}"
EndProject
Global
	GlobalSection(SolutionConfigurationPlatforms) = preSolution
		Debug|Any CPU = Debug|Any CPU
		Release|Any CPU = Release|Any CPU
	EndGlobalSection
	GlobalSection(ProjectConfigurationPlatforms) = postSolution
		{E985958A-55C2-4DED-9108-7A2BFB9D3508}.Debug|Any CPU.ActiveCfg = Debug|Any CPU
		{E985958A-55C2-4DED-9108-7A2BFB9D3508}.Debug|Any CPU.Build.0 = Debug|Any CPU
		{E985958A-55C2-4DED-9108-7A2BFB9D3508}.Release|Any CPU.ActiveCfg = Release|Any CPU
		{E985958A-55C2-4DED-9108-7A2BFB9D3508}.Release|Any CPU.Build.0 = Release|Any CPU
	EndGlobalSection
	GlobalSection(SolutionProperties) = preSolution
		HideSolutionNode = FALSE
	EndGlobalSection
	GlobalSection(ExtensibilityGlobals) = postSolution
		SolutionGuid = {05589269-0CAB-452B-9E26-8FA6A549F7DC}
	EndGlobalSection
EndGlobal
