
Microsoft Visual Studio Solution File, Format Version 12.00
# Visual Studio Version 17
VisualStudioVersion = 17.3.32901.215
MinimumVisualStudioVersion = 10.0.40219.1
Project("{FAE04EC0-301F-11D3-BF4B-00C04F79EFBC}") = "Baitap6", "Baitap6.csproj", "{34649ABF-3426-48A3-9DC4-BAE7C61F5484}"
EndProject
Global
	GlobalSection(SolutionConfigurationPlatforms) = preSolution
		Debug|Any CPU = Debug|Any CPU
		Release|Any CPU = Release|Any CPU
	EndGlobalSection
	GlobalSection(ProjectConfigurationPlatforms) = postSolution
		{34649ABF-3426-48A3-9DC4-BAE7C61F5484}.Debug|Any CPU.ActiveCfg = Debug|Any CPU
		{34649ABF-3426-48A3-9DC4-BAE7C61F5484}.Debug|Any CPU.Build.0 = Debug|Any CPU
		{34649ABF-3426-48A3-9DC4-BAE7C61F5484}.Release|Any CPU.ActiveCfg = Release|Any CPU
		{34649ABF-3426-48A3-9DC4-BAE7C61F5484}.Release|Any CPU.Build.0 = Release|Any CPU
	EndGlobalSection
	GlobalSection(SolutionProperties) = preSolution
		HideSolutionNode = FALSE
	EndGlobalSection
	GlobalSection(ExtensibilityGlobals) = postSolution
		SolutionGuid = {0B332877-EACE-4AA6-A86F-BFE95EC7CDAC}
	EndGlobalSection
EndGlobal
